// !$*UTF8*$!
{
	archiveVersion = 1;
	classes = {
	};
	objectVersion = 77;
	objects = {

/* Begin PBXBuildFile section */
		A369E98F2F02B2E30005A7FB /* RxCocoa in Frameworks */ = {isa = PBXBuildFile; productRef = A369E98E2F02B2E30005A7FB /* RxCocoa */; };
		A369E9912F02B2E30005A7FB /* RxRelay in Frameworks */ = {isa = PBXBuildFile; productRef = A369E9902F02B2E30005A7FB /* RxRelay */; };
		A369E9932F02B2E30005A7FB /* RxSwift in Frameworks */ = {isa = PBXBuildFile; productRef = A369E9922F02B2E30005A7FB /* RxSwift */; };
/* End PBXBuildFile section */

/* Begin PBXContainerItemProxy section */
		A369E9702F02B29C0005A7FB /* PBXContainerItemProxy */ = {
			isa = PBXContainerItemProxy;
			containerPortal = A369E9512F02B29A0005A7FB /* Project object */;
			proxyType = 1;
			remoteGlobalIDString = A369E9582F02B29B0005A7FB;
			remoteInfo = collagemaker;
		};
		A369E97A2F02B29C0005A7FB /* PBXContainerItemProxy */ = {
			isa = PBXContainerItemProxy;
			containerPortal = A369E9512F02B29A0005A7FB /* Project object */;
			proxyType = 1;
			remoteGlobalIDString = A369E9582F02B29B0005A7FB;
			remoteInfo = collagemaker;
		};
/* End PBXContainerItemProxy section */

/* Begin PBXFileReference section */
		A369E9592F02B29B0005A7FB /* collagemaker.app */ = {isa = PBXFileReference; explicitFileType = wrapper.application; includeInIndex = 0; path = collagemaker.app; sourceTree = BUILT_PRODUCTS_DIR; };
		A369E96F2F02B29C0005A7FB /* collagemakerTests.xctest */ = {isa = PBXFileReference; explicitFileType = wrapper.cfbundle; includeInIndex = 0; path = collagemakerTests.xctest; sourceTree = BUILT_PRODUCTS_DIR; };
		A369E9792F02B29C0005A7FB /* collagemakerUITests.xctest */ = {isa = PBXFileReference; explicitFileType = wrapper.cfbundle; includeInIndex = 0; path = collagemakerUITests.xctest; sourceTree = BUILT_PRODUCTS_DIR; };
/* End PBXFileReference section */

/* Begin PBXFileSystemSynchronizedBuildFileExceptionSet section */
		A369E9812F02B29C0005A7FB /* Exceptions for "collagemaker" folder in "collagemaker" target */ = {
			isa = PBXFileSystemSynchronizedBuildFileExceptionSet;
			membershipExceptions = (
				Info.plist,
			);
			target = A369E9582F02B29B0005A7FB /* collagemaker */;
		};
/* End PBXFileSystemSynchronizedBuildFileExceptionSet section */

/* Begin PBXFileSystemSynchronizedRootGroup section */
		A369E95B2F02B29B0005A7FB /* collagemaker */ = {
			isa = PBXFileSystemSynchronizedRootGroup;
			exceptions = (
				A369E9812F02B29C0005A7FB /* Exceptions for "collagemaker" folder in "collagemaker" target */,
			);
			path = collagemaker;
			sourceTree = "<group>";
		};
		A369E9722F02B29C0005A7FB /* collagemakerTests */ = {
			isa = PBXFileSystemSynchronizedRootGroup;
			path = collagemakerTests;
			sourceTree = "<group>";
		};
		A369E97C2F02B29C0005A7FB /* collagemakerUITests */ = {
			isa = PBXFileSystemSynchronizedRootGroup;
			path = collagemakerUITests;
			sourceTree = "<group>";
		};
/* End PBXFileSystemSynchronizedRootGroup section */

/* Begin PBXFrameworksBuildPhase section */
		A369E9562F02B29B0005A7FB /* Frameworks */ = {
			isa = PBXFrameworksBuildPhase;
			buildActionMask = 2147483647;
			files = (
				A369E9932F02B2E30005A7FB /* RxSwift in Frameworks */,
				A369E9912F02B2E30005A7FB /* RxRelay in Frameworks */,
				A369E98F2F02B2E30005A7FB /* RxCocoa in Frameworks */,
			);
			runOnlyForDeploymentPostprocessing = 0;
		};
		A369E96C2F02B29C0005A7FB /* Frameworks */ = {
			isa = PBXFrameworksBuildPhase;
			buildActionMask = 2147483647;
			files = (
			);
			runOnlyForDeploymentPostprocessing = 0;
		};
		A369E9762F02B29C0005A7FB /* Frameworks */ = {
			isa = PBXFrameworksBuildPhase;
			buildActionMask = 2147483647;
			files = (
			);
			runOnlyForDeploymentPostprocessing = 0;
		};
/* End PBXFrameworksBuildPhase section */

/* Begin PBXGroup section */
		A369E9502F02B29A0005A7FB = {
			isa = PBXGroup;
			children = (
				A369E95B2F02B29B0005A7FB /* collagemaker */,
				A369E9722F02B29C0005A7FB /* collagemakerTests */,
				A369E97C2F02B29C0005A7FB /* collagemakerUITests */,
				A369E95A2F02B29B0005A7FB /* Products */,
			);
			sourceTree = "<group>";
		};
		A369E95A2F02B29B0005A7FB /* Products */ = {
			isa = PBXGroup;
			children = (
				A369E9592F02B29B0005A7FB /* collagemaker.app */,
				A369E96F2F02B29C0005A7FB /* collagemakerTests.xctest */,
				A369E9792F02B29C0005A7FB /* collagemakerUITests.xctest */,
			);
			name = Products;
			sourceTree = "<group>";
		};
/* End PBXGroup section */

/* Begin PBXNativeTarget section */
		A369E9582F02B29B0005A7FB /* collagemaker */ = {
			isa = PBXNativeTarget;
			buildConfigurationList = A369E9822F02B29C0005A7FB /* Build configuration list for PBXNativeTarget "collagemaker" */;
			buildPhases = (
				A369E9552F02B29B0005A7FB /* Sources */,
				A369E9562F02B29B0005A7FB /* Frameworks */,
				A369E9572F02B29B0005A7FB /* Resources */,
			);
			buildRules = (
			);
			dependencies = (
			);
			fileSystemSynchronizedGroups = (
				A369E95B2F02B29B0005A7FB /* collagemaker */,
			);
			name = collagemaker;
			packageProductDependencies = (
				A369E98E2F02B2E30005A7FB /* RxCocoa */,
				A369E9902F02B2E30005A7FB /* RxRelay */,
				A369E9922F02B2E30005A7FB /* RxSwift */,
			);
			productName = collagemaker;
			productReference = A369E9592F02B29B0005A7FB /* collagemaker.app */;
			productType = "com.apple.product-type.application";
		};
		A369E96E2F02B29C0005A7FB /* collagemakerTests */ = {
			isa = PBXNativeTarget;
			buildConfigurationList = A369E9872F02B29C0005A7FB /* Build configuration list for PBXNativeTarget "collagemakerTests" */;
			buildPhases = (
				A369E96B2F02B29C0005A7FB /* Sources */,
				A369E96C2F02B29C0005A7FB /* Frameworks */,
				A369E96D2F02B29C0005A7FB /* Resources */,
			);
			buildRules = (
			);
			dependencies = (
				A369E9712F02B29C0005A7FB /* PBXTargetDependency */,
			);
			fileSystemSynchronizedGroups = (
				A369E9722F02B29C0005A7FB /* collagemakerTests */,
			);
			name = collagemakerTests;
			packageProductDependencies = (
			);
			productName = collagemakerTests;
			productReference = A369E96F2F02B29C0005A7FB /* collagemakerTests.xctest */;
			productType = "com.apple.product-type.bundle.unit-test";
		};
		A369E9782F02B29C0005A7FB /* collagemakerUITests */ = {
			isa = PBXNativeTarget;
			buildConfigurationList = A369E98A2F02B29C0005A7FB /* Build configuration list for PBXNativeTarget "collagemakerUITests" */;
			buildPhases = (
				A369E9752F02B29C0005A7FB /* Sources */,
				A369E9762F02B29C0005A7FB /* Frameworks */,
				A369E9772F02B29C0005A7FB /* Resources */,
			);
			buildRules = (
			);
			dependencies = (
				A369E97B2F02B29C0005A7FB /* PBXTargetDependency */,
			);
			fileSystemSynchronizedGroups = (
				A369E97C2F02B29C0005A7FB /* collagemakerUITests */,
			);
			name = collagemakerUITests;
			packageProductDependencies = (
			);
			productName = collagemakerUITests;
			productReference = A369E9792F02B29C0005A7FB /* collagemakerUITests.xctest */;
			productType = "com.apple.product-type.bundle.ui-testing";
		};
/* End PBXNativeTarget section */

/* Begin PBXProject section */
		A369E9512F02B29A0005A7FB /* Project object */ = {
			isa = PBXProject;
			attributes = {
				BuildIndependentTargetsInParallel = 1;
				LastSwiftUpdateCheck = 1610;
				LastUpgradeCheck = 1610;
				TargetAttributes = {
					A369E9582F02B29B0005A7FB = {
						CreatedOnToolsVersion = 16.1;
					};
					A369E96E2F02B29C0005A7FB = {
						CreatedOnToolsVersion = 16.1;
						TestTargetID = A369E9582F02B29B0005A7FB;
					};
					A369E9782F02B29C0005A7FB = {
						CreatedOnToolsVersion = 16.1;
						TestTargetID = A369E9582F02B29B0005A7FB;
					};
				};
			};
			buildConfigurationList = A369E9542F02B29A0005A7FB /* Build configuration list for PBXProject "collagemaker" */;
			developmentRegion = en;
			hasScannedForEncodings = 0;
			knownRegions = (
				en,
				Base,
			);
			mainGroup = A369E9502F02B29A0005A7FB;
			minimizedProjectReferenceProxies = 1;
			packageReferences = (
				A369E98D2F02B2E30005A7FB /* XCRemoteSwiftPackageReference "RxSwift" */,
			);
			preferredProjectObjectVersion = 77;
			productRefGroup = A369E95A2F02B29B0005A7FB /* Products */;
			projectDirPath = "";
			projectRoot = "";
			targets = (
				A369E9582F02B29B0005A7FB /* collagemaker */,
				A369E96E2F02B29C0005A7FB /* collagemakerTests */,
				A369E9782F02B29C0005A7FB /* collagemakerUITests */,
			);
		};
/* End PBXProject section */

/* Begin PBXResourcesBuildPhase section */
		A369E9572F02B29B0005A7FB /* Resources */ = {
			isa = PBXResourcesBuildPhase;
			buildActionMask = 2147483647;
			files = (
			);
			runOnlyForDeploymentPostprocessing = 0;
		};
		A369E96D2F02B29C0005A7FB /* Resources */ = {
			isa = PBXResourcesBuildPhase;
			buildActionMask = 2147483647;
			files = (
			);
			runOnlyForDeploymentPostprocessing = 0;
		};
		A369E9772F02B29C0005A7FB /* Resources */ = {
			isa = PBXResourcesBuildPhase;
			buildActionMask = 2147483647;
			files = (
			);
			runOnlyForDeploymentPostprocessing = 0;
		};
/* End PBXResourcesBuildPhase section */

/* Begin PBXSourcesBuildPhase section */
		A369E9552F02B29B0005A7FB /* Sources */ = {
			isa = PBXSourcesBuildPhase;
			buildActionMask = 2147483647;
			files = (
			);
			runOnlyForDeploymentPostprocessing = 0;
		};
		A369E96B2F02B29C0005A7FB /* Sources */ = {
			isa = PBXSourcesBuildPhase;
			buildActionMask = 2147483647;
			files = (
			);
			runOnlyForDeploymentPostprocessing = 0;
		};
		A369E9752F02B29C0005A7FB /* Sources */ = {
			isa = PBXSourcesBuildPhase;
			buildActionMask = 2147483647;
			files = (
			);
			runOnlyForDeploymentPostprocessing = 0;
		};
/* End PBXSourcesBuildPhase section */

/* Begin PBXTargetDependency section */
		A369E9712F02B29C0005A7FB /* PBXTargetDependency */ = {
			isa = PBXTargetDependency;
			target = A369E9582F02B29B0005A7FB /* collagemaker */;
			targetProxy = A369E9702F02B29C0005A7FB /* PBXContainerItemProxy */;
		};
		A369E97B2F02B29C0005A7FB /* PBXTargetDependency */ = {
			isa = PBXTargetDependency;
			target = A369E9582F02B29B0005A7FB /* collagemaker */;
			targetProxy = A369E97A2F02B29C0005A7FB /* PBXContainerItemProxy */;
		};
/* End PBXTargetDependency section */

/* Begin XCBuildConfiguration section */
		A369E9832F02B29C0005A7FB /* Debug */ = {
			isa = XCBuildConfiguration;
			buildSettings = {
				ASSETCATALOG_COMPILER_APPICON_NAME = AppIcon;
				ASSETCATALOG_COMPILER_GLOBAL_ACCENT_COLOR_NAME = AccentColor;
				CODE_SIGN_STYLE = Automatic;
				CURRENT_PROJECT_VERSION = 1;
				DEVELOPMENT_TEAM = 76R68ZMQGR;
				GENERATE_INFOPLIST_FILE = YES;
				INFOPLIST_FILE = collagemaker/Info.plist;
				INFOPLIST_KEY_UIApplicationSupportsIndirectInputEvents = YES;
				INFOPLIST_KEY_UILaunchStoryboardName = LaunchScreen;
				INFOPLIST_KEY_UIMainStoryboardFile = Main;
				INFOPLIST_KEY_UISupportedInterfaceOrientations_iPad = "UIInterfaceOrientationPortrait UIInterfaceOrientationPortraitUpsideDown UIInterfaceOrientationLandscapeLeft UIInterfaceOrientationLandscapeRight";
				INFOPLIST_KEY_UISupportedInterfaceOrientations_iPhone = "UIInterfaceOrientationPortrait UIInterfaceOrientationLandscapeLeft UIInterfaceOrientationLandscapeRight";
				LD_RUNPATH_SEARCH_PATHS = (
					"$(inherited)",
					"@executable_path/Frameworks",
				);
				MARKETING_VERSION = 1.0;
				PRODUCT_BUNDLE_IDENTIFIER = natasharadika.collagemaker;
				PRODUCT_NAME = "$(TARGET_NAME)";
				SWIFT_EMIT_LOC_STRINGS = YES;
				SWIFT_VERSION = 5.0;
				TARGETED_DEVICE_FAMILY = "1,2";
			};
			name = Debug;
		};
		A369E9842F02B29C0005A7FB /* Release */ = {
			isa = XCBuildConfiguration;
			buildSettings = {
				ASSETCATALOG_COMPILER_APPICON_NAME = AppIcon;
				ASSETCATALOG_COMPILER_GLOBAL_ACCENT_COLOR_NAME = AccentColor;
				CODE_SIGN_STYLE = Automatic;
				CURRENT_PROJECT_VERSION = 1;
				DEVELOPMENT_TEAM = 76R68ZMQGR;
				GENERATE_INFOPLIST_FILE = YES;
				INFOPLIST_FILE = collagemaker/Info.plist;
				INFOPLIST_KEY_UIApplicationSupportsIndirectInputEvents = YES;
				INFOPLIST_KEY_UILaunchStoryboardName = LaunchScreen;
				INFOPLIST_KEY_UIMainStoryboardFile = Main;
				INFOPLIST_KEY_UISupportedInterfaceOrientations_iPad = "UIInterfaceOrientationPortrait UIInterfaceOrientationPortraitUpsideDown UIInterfaceOrientationLandscapeLeft UIInterfaceOrientationLandscapeRight";
				INFOPLIST_KEY_UISupportedInterfaceOrientations_iPhone = "UIInterfaceOrientationPortrait UIInterfaceOrientationLandscapeLeft UIInterfaceOrientationLandscapeRight";
				LD_RUNPATH_SEARCH_PATHS = (
					"$(inherited)",
					"@executable_path/Frameworks",
				);
				MARKETING_VERSION = 1.0;
				PRODUCT_BUNDLE_IDENTIFIER = natasharadika.collagemaker;
				PRODUCT_NAME = "$(TARGET_NAME)";
				SWIFT_EMIT_LOC_STRINGS = YES;
				SWIFT_VERSION = 5.0;
				TARGETED_DEVICE_FAMILY = "1,2";
			};
			name = Release;
		};
		A369E9852F02B29C0005A7FB /* Debug */ = {
			isa = XCBuildConfiguration;
			buildSettings = {
				ALWAYS_SEARCH_USER_PATHS = NO;
				ASSETCATALOG_COMPILER_GENERATE_SWIFT_ASSET_SYMBOL_EXTENSIONS = YES;
				CLANG_ANALYZER_NONNULL = YES;
				CLANG_ANALYZER_NUMBER_OBJECT_CONVERSION = YES_AGGRESSIVE;
				CLANG_CXX_LANGUAGE_STANDARD = "gnu++20";
				CLANG_ENABLE_MODULES = YES;
				CLANG_ENABLE_OBJC_ARC = YES;
				CLANG_ENABLE_OBJC_WEAK = YES;
				CLANG_WARN_BLOCK_CAPTURE_AUTORELEASING = YES;
				CLANG_WARN_BOOL_CONVERSION = YES;
				CLANG_WARN_COMMA = YES;
				CLANG_WARN_CONSTANT_CONVERSION = YES;
				CLANG_WARN_DEPRECATED_OBJC_IMPLEMENTATIONS = YES;
				CLANG_WARN_DIRECT_OBJC_ISA_USAGE = YES_ERROR;
				CLANG_WARN_DOCUMENTATION_COMMENTS = YES;
				CLANG_WARN_EMPTY_BODY = YES;
				CLANG_WARN_ENUM_CONVERSION = YES;
				CLANG_WARN_INFINITE_RECURSION = YES;
				CLANG_WARN_INT_CONVERSION = YES;
				CLANG_WARN_NON_LITERAL_NULL_CONVERSION = YES;
				CLANG_WARN_OBJC_IMPLICIT_RETAIN_SELF = YES;
				CLANG_WARN_OBJC_LITERAL_CONVERSION = YES;
				CLANG_WARN_OBJC_ROOT_CLASS = YES_ERROR;
				CLANG_WARN_QUOTED_INCLUDE_IN_FRAMEWORK_HEADER = YES;
				CLANG_WARN_RANGE_LOOP_ANALYSIS = YES;
				CLANG_WARN_STRICT_PROTOTYPES = YES;
				CLANG_WARN_SUSPICIOUS_MOVE = YES;
				CLANG_WARN_UNGUARDED_AVAILABILITY = YES_AGGRESSIVE;
				CLANG_WARN_UNREACHABLE_CODE = YES;
				CLANG_WARN__DUPLICATE_METHOD_MATCH = YES;
				COPY_PHASE_STRIP = NO;
				DEBUG_INFORMATION_FORMAT = dwarf;
				ENABLE_STRICT_OBJC_MSGSEND = YES;
				ENABLE_TESTABILITY = YES;
				ENABLE_USER_SCRIPT_SANDBOXING = YES;
				GCC_C_LANGUAGE_STANDARD = gnu17;
				GCC_DYNAMIC_NO_PIC = NO;
				GCC_NO_COMMON_BLOCKS = YES;
				GCC_OPTIMIZATION_LEVEL = 0;
				GCC_PREPROCESSOR_DEFINITIONS = (
					"DEBUG=1",
					"$(inherited)",
				);
				GCC_WARN_64_TO_32_BIT_CONVERSION = YES;
				GCC_WARN_ABOUT_RETURN_TYPE = YES_ERROR;
				GCC_WARN_UNDECLARED_SELECTOR = YES;
				GCC_WARN_UNINITIALIZED_AUTOS = YES_AGGRESSIVE;
				GCC_WARN_UNUSED_FUNCTION = YES;
				GCC_WARN_UNUSED_VARIABLE = YES;
				IPHONEOS_DEPLOYMENT_TARGET = 18.1;
				LOCALIZATION_PREFERS_STRING_CATALOGS = YES;
				MTL_ENABLE_DEBUG_INFO = INCLUDE_SOURCE;
				MTL_FAST_MATH = YES;
				ONLY_ACTIVE_ARCH = YES;
				SDKROOT = iphoneos;
				SWIFT_ACTIVE_COMPILATION_CONDITIONS = "DEBUG $(inherited)";
				SWIFT_OPTIMIZATION_LEVEL = "-Onone";
			};
			name = Debug;
		};
		A369E9862F02B29C0005A7FB /* Release */ = {
			isa = XCBuildConfiguration;
			buildSettings = {
				ALWAYS_SEARCH_USER_PATHS = NO;
				ASSETCATALOG_COMPILER_GENERATE_SWIFT_ASSET_SYMBOL_EXTENSIONS = YES;
				CLANG_ANALYZER_NONNULL = YES;
				CLANG_ANALYZER_NUMBER_OBJECT_CONVERSION = YES_AGGRESSIVE;
				CLANG_CXX_LANGUAGE_STANDARD = "gnu++20";
				CLANG_ENABLE_MODULES = YES;
				CLANG_ENABLE_OBJC_ARC = YES;
				CLANG_ENABLE_OBJC_WEAK = YES;
				CLANG_WARN_BLOCK_CAPTURE_AUTORELEASING = YES;
				CLANG_WARN_BOOL_CONVERSION = YES;
				CLANG_WARN_COMMA = YES;
				CLANG_WARN_CONSTANT_CONVERSION = YES;
				CLANG_WARN_DEPRECATED_OBJC_IMPLEMENTATIONS = YES;
				CLANG_WARN_DIRECT_OBJC_ISA_USAGE = YES_ERROR;
				CLANG_WARN_DOCUMENTATION_COMMENTS = YES;
				CLANG_WARN_EMPTY_BODY = YES;
				CLANG_WARN_ENUM_CONVERSION = YES;
				CLANG_WARN_INFINITE_RECURSION = YES;
				CLANG_WARN_INT_CONVERSION = YES;
				CLANG_WARN_NON_LITERAL_NULL_CONVERSION = YES;
				CLANG_WARN_OBJC_IMPLICIT_RETAIN_SELF = YES;
				CLANG_WARN_OBJC_LITERAL_CONVERSION = YES;
				CLANG_WARN_OBJC_ROOT_CLASS = YES_ERROR;
				CLANG_WARN_QUOTED_INCLUDE_IN_FRAMEWORK_HEADER = YES;
				CLANG_WARN_RANGE_LOOP_ANALYSIS = YES;
				CLANG_WARN_STRICT_PROTOTYPES = YES;
				CLANG_WARN_SUSPICIOUS_MOVE = YES;
				CLANG_WARN_UNGUARDED_AVAILABILITY = YES_AGGRESSIVE;
				CLANG_WARN_UNREACHABLE_CODE = YES;
				CLANG_WARN__DUPLICATE_METHOD_MATCH = YES;
				COPY_PHASE_STRIP = NO;
				DEBUG_INFORMATION_FORMAT = "dwarf-with-dsym";
				ENABLE_NS_ASSERTIONS = NO;
				ENABLE_STRICT_OBJC_MSGSEND = YES;
				ENABLE_USER_SCRIPT_SANDBOXING = YES;
				GCC_C_LANGUAGE_STANDARD = gnu17;
				GCC_NO_COMMON_BLOCKS = YES;
				GCC_WARN_64_TO_32_BIT_CONVERSION = YES;
				GCC_WARN_ABOUT_RETURN_TYPE = YES_ERROR;
				GCC_WARN_UNDECLARED_SELECTOR = YES;
				GCC_WARN_UNINITIALIZED_AUTOS = YES_AGGRESSIVE;
				GCC_WARN_UNUSED_FUNCTION = YES;
				GCC_WARN_UNUSED_VARIABLE = YES;
				IPHONEOS_DEPLOYMENT_TARGET = 18.1;
				LOCALIZATION_PREFERS_STRING_CATALOGS = YES;
				MTL_ENABLE_DEBUG_INFO = NO;
				MTL_FAST_MATH = YES;
				SDKROOT = iphoneos;
				SWIFT_COMPILATION_MODE = wholemodule;
				VALIDATE_PRODUCT = YES;
			};
			name = Release;
		};
		A369E9882F02B29C0005A7FB /* Debug */ = {
			isa = XCBuildConfiguration;
			buildSettings = {
				BUNDLE_LOADER = "$(TEST_HOST)";
				CODE_SIGN_STYLE = Automatic;
				CURRENT_PROJECT_VERSION = 1;
				DEVELOPMENT_TEAM = 76R68ZMQGR;
				GENERATE_INFOPLIST_FILE = YES;
				IPHONEOS_DEPLOYMENT_TARGET = 18.1;
				MARKETING_VERSION = 1.0;
				PRODUCT_BUNDLE_IDENTIFIER = natasharadika.collagemakerTests;
				PRODUCT_NAME = "$(TARGET_NAME)";
				SWIFT_EMIT_LOC_STRINGS = NO;
				SWIFT_VERSION = 5.0;
				TARGETED_DEVICE_FAMILY = "1,2";
				TEST_HOST = "$(BUILT_PRODUCTS_DIR)/collagemaker.app/$(BUNDLE_EXECUTABLE_FOLDER_PATH)/collagemaker";
			};
			name = Debug;
		};
		A369E9892F02B29C0005A7FB /* Release */ = {
			isa = XCBuildConfiguration;
			buildSettings = {
				BUNDLE_LOADER = "$(TEST_HOST)";
				CODE_SIGN_STYLE = Automatic;
				CURRENT_PROJECT_VERSION = 1;
				DEVELOPMENT_TEAM = 76R68ZMQGR;
				GENERATE_INFOPLIST_FILE = YES;
				IPHONEOS_DEPLOYMENT_TARGET = 18.1;
				MARKETING_VERSION = 1.0;
				PRODUCT_BUNDLE_IDENTIFIER = natasharadika.collagemakerTests;
				PRODUCT_NAME = "$(TARGET_NAME)";
				SWIFT_EMIT_LOC_STRINGS = NO;
				SWIFT_VERSION = 5.0;
				TARGETED_DEVICE_FAMILY = "1,2";
				TEST_HOST = "$(BUILT_PRODUCTS_DIR)/collagemaker.app/$(BUNDLE_EXECUTABLE_FOLDER_PATH)/collagemaker";
			};
			name = Release;
		};
		A369E98B2F02B29C0005A7FB /* Debug */ = {
			isa = XCBuildConfiguration;
			buildSettings = {
				CODE_SIGN_STYLE = Automatic;
				CURRENT_PROJECT_VERSION = 1;
				DEVELOPMENT_TEAM = 76R68ZMQGR;
				GENERATE_INFOPLIST_FILE = YES;
				MARKETING_VERSION = 1.0;
				PRODUCT_BUNDLE_IDENTIFIER = natasharadika.collagemakerUITests;
				PRODUCT_NAME = "$(TARGET_NAME)";
				SWIFT_EMIT_LOC_STRINGS = NO;
				SWIFT_VERSION = 5.0;
				TARGETED_DEVICE_FAMILY = "1,2";
				TEST_TARGET_NAME = collagemaker;
			};
			name = Debug;
		};
		A369E98C2F02B29C0005A7FB /* Release */ = {
			isa = XCBuildConfiguration;
			buildSettings = {
				CODE_SIGN_STYLE = Automatic;
				CURRENT_PROJECT_VERSION = 1;
				DEVELOPMENT_TEAM = 76R68ZMQGR;
				GENERATE_INFOPLIST_FILE = YES;
				MARKETING_VERSION = 1.0;
				PRODUCT_BUNDLE_IDENTIFIER = natasharadika.collagemakerUITests;
				PRODUCT_NAME = "$(TARGET_NAME)";
				SWIFT_EMIT_LOC_STRINGS = NO;
				SWIFT_VERSION = 5.0;
				TARGETED_DEVICE_FAMILY = "1,2";
				TEST_TARGET_NAME = collagemaker;
			};
			name = Release;
		};
/* End XCBuildConfiguration section */

/* Begin XCConfigurationList section */
		A369E9542F02B29A0005A7FB /* Build configuration list for PBXProject "collagemaker" */ = {
			isa = XCConfigurationList;
			buildConfigurations = (
				A369E9852F02B29C0005A7FB /* Debug */,
				A369E9862F02B29C0005A7FB /* Release */,
			);
			defaultConfigurationIsVisible = 0;
			defaultConfigurationName = Release;
		};
		A369E9822F02B29C0005A7FB /* Build configuration list for PBXNativeTarget "collagemaker" */ = {
			isa = XCConfigurationList;
			buildConfigurations = (
				A369E9832F02B29C0005A7FB /* Debug */,
				A369E9842F02B29C0005A7FB /* Release */,
			);
			defaultConfigurationIsVisible = 0;
			defaultConfigurationName = Release;
		};
		A369E9872F02B29C0005A7FB /* Build configuration list for PBXNativeTarget "collagemakerTests" */ = {
			isa = XCConfigurationList;
			buildConfigurations = (
				A369E9882F02B29C0005A7FB /* Debug */,
				A369E9892F02B29C0005A7FB /* Release */,
			);
			defaultConfigurationIsVisible = 0;
			defaultConfigurationName = Release;
		};
		A369E98A2F02B29C0005A7FB /* Build configuration list for PBXNativeTarget "collagemakerUITests" */ = {
			isa = XCConfigurationList;
			buildConfigurations = (
				A369E98B2F02B29C0005A7FB /* Debug */,
				A369E98C2F02B29C0005A7FB /* Release */,
			);
			defaultConfigurationIsVisible = 0;
			defaultConfigurationName = Release;
		};
/* End XCConfigurationList section */

/* Begin XCRemoteSwiftPackageReference section */
		A369E98D2F02B2E30005A7FB /* XCRemoteSwiftPackageReference "RxSwift" */ = {
			isa = XCRemoteSwiftPackageReference;
			repositoryURL = "https://github.com/ReactiveX/RxSwift";
			requirement = {
				kind = upToNextMajorVersion;
				minimumVersion = 6.9.1;
			};
		};
/* End XCRemoteSwiftPackageReference section */

/* Begin XCSwiftPackageProductDependency section */
		A369E98E2F02B2E30005A7FB /* RxCocoa */ = {
			isa = XCSwiftPackageProductDependency;
			package = A369E98D2F02B2E30005A7FB /* XCRemoteSwiftPackageReference "RxSwift" */;
			productName = RxCocoa;
		};
		A369E9902F02B2E30005A7FB /* RxRelay */ = {
			isa = XCSwiftPackageProductDependency;
			package = A369E98D2F02B2E30005A7FB /* XCRemoteSwiftPackageReference "RxSwift" */;
			productName = RxRelay;
		};
		A369E9922F02B2E30005A7FB /* RxSwift */ = {
			isa = XCSwiftPackageProductDependency;
			package = A369E98D2F02B2E30005A7FB /* XCRemoteSwiftPackageReference "RxSwift" */;
			productName = RxSwift;
		};
/* End XCSwiftPackageProductDependency section */
	};
	rootObject = A369E9512F02B29A0005A7FB /* Project object */;
}
